// !$*UTF8*$!
{
	archiveVersion = 1;
	classes = {
	};
	objectVersion = 50;
	objects = {

/* Begin PBXBuildFile section */
		D81313D026267295007D02D8 /* AppDelegate.m in Sources */ = {isa = PBXBuildFile; fileRef = D81313CF26267295007D02D8 /* AppDelegate.m */; };
		D81313D326267295007D02D8 /* SceneDelegate.m in Sources */ = {isa = PBXBuildFile; fileRef = D81313D226267295007D02D8 /* SceneDelegate.m */; };
		D81313D626267295007D02D8 /* ViewController.m in Sources */ = {isa = PBXBuildFile; fileRef = D81313D526267295007D02D8 /* ViewController.m */; };
		D81313D926267295007D02D8 /* Main.storyboard in Resources */ = {isa = PBXBuildFile; fileRef = D81313D726267295007D02D8 /* Main.storyboard */; };
		D81313DB26267299007D02D8 /* Assets.xcassets in Resources */ = {isa = PBXBuildFile; fileRef = D81313DA26267299007D02D8 /* Assets.xcassets */; };
		D81313DE26267299007D02D8 /* LaunchScreen.storyboard in Resources */ = {isa = PBXBuildFile; fileRef = D81313DC26267299007D02D8 /* LaunchScreen.storyboard */; };
		D81313E126267299007D02D8 /* main.m in Sources */ = {isa = PBXBuildFile; fileRef = D81313E026267299007D02D8 /* main.m */; };
		D81313EE26267797007D02D8 /* TestView.m in Sources */ = {isa = PBXBuildFile; fileRef = D81313ED26267797007D02D8 /* TestView.m */; };
		D81313F3262677A6007D02D8 /* FFView.m in Sources */ = {isa = PBXBuildFile; fileRef = D81313F2262677A6007D02D8 /* FFView.m */; };
/* End PBXBuildFile section */

/* Begin PBXFileReference section */
		D81313CB26267295007D02D8 /* BBTest_CC.app */ = {isa = PBXFileReference; explicitFileType = wrapper.application; includeInIndex = 0; path = BBTest_CC.app; sourceTree = BUILT_PRODUCTS_DIR; };
		D81313CE26267295007D02D8 /* AppDelegate.h */ = {isa = PBXFileReference; lastKnownFileType = sourcecode.c.h; path = AppDelegate.h; sourceTree = "<group>"; };
		D81313CF26267295007D02D8 /* AppDelegate.m */ = {isa = PBXFileReference; lastKnownFileType = sourcecode.c.objc; path = AppDelegate.m; sourceTree = "<group>"; };
		D81313D126267295007D02D8 /* SceneDelegate.h */ = {isa = PBXFileReference; lastKnownFileType = sourcecode.c.h; path = SceneDelegate.h; sourceTree = "<group>"; };
		D81313D226267295007D02D8 /* SceneDelegate.m */ = {isa = PBXFileReference; lastKnownFileType = sourcecode.c.objc; path = SceneDelegate.m; sourceTree = "<group>"; };
		D81313D426267295007D02D8 /* ViewController.h */ = {isa = PBXFileReference; lastKnownFileType = sourcecode.c.h; path = ViewController.h; sourceTree = "<group>"; };
		D81313D526267295007D02D8 /* ViewController.m */ = {isa = PBXFileReference; lastKnownFileType = sourcecode.c.objc; path = ViewController.m; sourceTree = "<group>"; };
		D81313D826267295007D02D8 /* Base */ = {isa = PBXFileReference; lastKnownFileType = file.storyboard; name = Base; path = Base.lproj/Main.storyboard; sourceTree = "<group>"; };
		D81313DA26267299007D02D8 /* Assets.xcassets */ = {isa = PBXFileReference; lastKnownFileType = folder.assetcatalog; path = Assets.xcassets; sourceTree = "<group>"; };
		D81313DD26267299007D02D8 /* Base */ = {isa = PBXFileReference; lastKnownFileType = file.storyboard; name = Base; path = Base.lproj/LaunchScreen.storyboard; sourceTree = "<group>"; };
		D81313DF26267299007D02D8 /* Info.plist */ = {isa = PBXFileReference; lastKnownFileType = text.plist.xml; path = Info.plist; sourceTree = "<group>"; };
		D81313E026267299007D02D8 /* main.m */ = {isa = PBXFileReference; lastKnownFileType = sourcecode.c.objc; path = main.m; sourceTree = "<group>"; };
		D81313EC26267797007D02D8 /* TestView.h */ = {isa = PBXFileReference; lastKnownFileType = sourcecode.c.h; path = TestView.h; sourceTree = "<group>"; };
		D81313ED26267797007D02D8 /* TestView.m */ = {isa = PBXFileReference; lastKnownFileType = sourcecode.c.objc; path = TestView.m; sourceTree = "<group>"; };
		D81313F1262677A6007D02D8 /* FFView.h */ = {isa = PBXFileReference; lastKnownFileType = sourcecode.c.h; path = FFView.h; sourceTree = "<group>"; };
		D81313F2262677A6007D02D8 /* FFView.m */ = {isa = PBXFileReference; lastKnownFileType = sourcecode.c.objc; path = FFView.m; sourceTree = "<group>"; };
/* End PBXFileReference section */

/* Begin PBXFrameworksBuildPhase section */
		D81313C826267295007D02D8 /* Frameworks */ = {
			isa = PBXFrameworksBuildPhase;
			buildActionMask = 2147483647;
			files = (
			);
			runOnlyForDeploymentPostprocessing = 0;
		};
/* End PBXFrameworksBuildPhase section */

/* Begin PBXGroup section */
		D81313C226267295007D02D8 = {
			isa = PBXGroup;
			children = (
				D81313CD26267295007D02D8 /* BBTest_CC */,
				D81313CC26267295007D02D8 /* Products */,
			);
			sourceTree = "<group>";
		};
		D81313CC26267295007D02D8 /* Products */ = {
			isa = PBXGroup;
			children = (
				D81313CB26267295007D02D8 /* BBTest_CC.app */,
			);
			name = Products;
			sourceTree = "<group>";
		};
		D81313CD26267295007D02D8 /* BBTest_CC */ = {
			isa = PBXGroup;
			children = (
				D81313EB2626777B007D02D8 /* Test_CC */,
				D81313CE26267295007D02D8 /* AppDelegate.h */,
				D81313CF26267295007D02D8 /* AppDelegate.m */,
				D81313D126267295007D02D8 /* SceneDelegate.h */,
				D81313D226267295007D02D8 /* SceneDelegate.m */,
				D81313D426267295007D02D8 /* ViewController.h */,
				D81313D526267295007D02D8 /* ViewController.m */,
				D81313D726267295007D02D8 /* Main.storyboard */,
				D81313DA26267299007D02D8 /* Assets.xcassets */,
				D81313DC26267299007D02D8 /* LaunchScreen.storyboard */,
				D81313DF26267299007D02D8 /* Info.plist */,
				D81313E026267299007D02D8 /* main.m */,
			);
			path = BBTest_CC;
			sourceTree = "<group>";
		};
		D81313EB2626777B007D02D8 /* Test_CC */ = {
			isa = PBXGroup;
			children = (
				D81313EC26267797007D02D8 /* TestView.h */,
				D81313ED26267797007D02D8 /* TestView.m */,
				D81313F1262677A6007D02D8 /* FFView.h */,
				D81313F2262677A6007D02D8 /* FFView.m */,
			);
			path = Test_CC;
			sourceTree = "<group>";
		};
/* End PBXGroup section */

/* Begin PBXNativeTarget section */
		D81313CA26267295007D02D8 /* BBTest_CC */ = {
			isa = PBXNativeTarget;
			buildConfigurationList = D81313E426267299007D02D8 /* Build configuration list for PBXNativeTarget "BBTest_CC" */;
			buildPhases = (
				D81313C726267295007D02D8 /* Sources */,
				D81313C826267295007D02D8 /* Frameworks */,
				D81313C926267295007D02D8 /* Resources */,
			);
			buildRules = (
			);
			dependencies = (
			);
			name = BBTest_CC;
			productName = BBTest_CC;
			productReference = D81313CB26267295007D02D8 /* BBTest_CC.app */;
			productType = "com.apple.product-type.application";
		};
/* End PBXNativeTarget section */

/* Begin PBXProject section */
		D81313C326267295007D02D8 /* Project object */ = {
			isa = PBXProject;
			attributes = {
				LastUpgradeCheck = 1240;
				TargetAttributes = {
					D81313CA26267295007D02D8 = {
						CreatedOnToolsVersion = 12.4;
					};
				};
			};
			buildConfigurationList = D81313C626267295007D02D8 /* Build configuration list for PBXProject "BBTest_CC" */;
			compatibilityVersion = "Xcode 9.3";
			developmentRegion = en;
			hasScannedForEncodings = 0;
			knownRegions = (
				en,
				Base,
			);
			mainGroup = D81313C226267295007D02D8;
			productRefGroup = D81313CC26267295007D02D8 /* Products */;
			projectDirPath = "";
			projectRoot = "";
			targets = (
				D81313CA26267295007D02D8 /* BBTest_CC */,
			);
		};
/* End PBXProject section */

/* Begin PBXResourcesBuildPhase section */
		D81313C926267295007D02D8 /* Resources */ = {
			isa = PBXResourcesBuildPhase;
			buildActionMask = 2147483647;
			files = (
				D81313DE26267299007D02D8 /* LaunchScreen.storyboard in Resources */,
				D81313DB26267299007D02D8 /* Assets.xcassets in Resources */,
				D81313D926267295007D02D8 /* Main.storyboard in Resources */,
			);
			runOnlyForDeploymentPostprocessing = 0;
		};
/* End PBXResourcesBuildPhase section */

/* Begin PBXSourcesBuildPhase section */
		D81313C726267295007D02D8 /* Sources */ = {
			isa = PBXSourcesBuildPhase;
			buildActionMask = 2147483647;
			files = (
				D81313D626267295007D02D8 /* ViewController.m in Sources */,
				D81313D026267295007D02D8 /* AppDelegate.m in Sources */,
				D81313F3262677A6007D02D8 /* FFView.m in Sources */,
				D81313EE26267797007D02D8 /* TestView.m in Sources */,
				D81313E126267299007D02D8 /* main.m in Sources */,
				D81313D326267295007D02D8 /* SceneDelegate.m in Sources */,
			);
			runOnlyForDeploymentPostprocessing = 0;
		};
/* End PBXSourcesBuildPhase section */

/* Begin PBXVariantGroup section */
		D81313D726267295007D02D8 /* Main.storyboard */ = {
			isa = PBXVariantGroup;
			children = (
				D81313D826267295007D02D8 /* Base */,
			);
			name = Main.storyboard;
			sourceTree = "<group>";
		};
		D81313DC26267299007D02D8 /* LaunchScreen.storyboard */ = {
			isa = PBXVariantGroup;
			children = (
				D81313DD26267299007D02D8 /* Base */,
			);
			name = LaunchScreen.storyboard;
			sourceTree = "<group>";
		};
/* End PBXVariantGroup section */

/* Begin XCBuildConfiguration section */
		D81313E226267299007D02D8 /* Debug */ = {
			isa = XCBuildConfiguration;
			buildSettings = {
				ALWAYS_SEARCH_USER_PATHS = NO;
				CLANG_ANALYZER_NONNULL = YES;
				CLANG_ANALYZER_NUMBER_OBJECT_CONVERSION = YES_AGGRESSIVE;
				CLANG_CXX_LANGUAGE_STANDARD = "gnu++14";
				CLANG_CXX_LIBRARY = "libc++";
				CLANG_ENABLE_MODULES = YES;
				CLANG_ENABLE_OBJC_ARC = YES;
				CLANG_ENABLE_OBJC_WEAK = YES;
				CLANG_WARN_BLOCK_CAPTURE_AUTORELEASING = YES;
				CLANG_WARN_BOOL_CONVERSION = YES;
				CLANG_WARN_COMMA = YES;
				CLANG_WARN_CONSTANT_CONVERSION = YES;
				CLANG_WARN_DEPRECATED_OBJC_IMPLEMENTATIONS = YES;
				CLANG_WARN_DIRECT_OBJC_ISA_USAGE = YES_ERROR;
				CLANG_WARN_DOCUMENTATION_COMMENTS = YES;
				CLANG_WARN_EMPTY_BODY = YES;
				CLANG_WARN_ENUM_CONVERSION = YES;
				CLANG_WARN_INFINITE_RECURSION = YES;
				CLANG_WARN_INT_CONVERSION = YES;
				CLANG_WARN_NON_LITERAL_NULL_CONVERSION = YES;
				CLANG_WARN_OBJC_IMPLICIT_RETAIN_SELF = YES;
				CLANG_WARN_OBJC_LITERAL_CONVERSION = YES;
				CLANG_WARN_OBJC_ROOT_CLASS = YES_ERROR;
				CLANG_WARN_QUOTED_INCLUDE_IN_FRAMEWORK_HEADER = YES;
				CLANG_WARN_RANGE_LOOP_ANALYSIS = YES;
				CLANG_WARN_STRICT_PROTOTYPES = YES;
				CLANG_WARN_SUSPICIOUS_MOVE = YES;
				CLANG_WARN_UNGUARDED_AVAILABILITY = YES_AGGRESSIVE;
				CLANG_WARN_UNREACHABLE_CODE = YES;
				CLANG_WARN__DUPLICATE_METHOD_MATCH = YES;
				COPY_PHASE_STRIP = NO;
				DEBUG_INFORMATION_FORMAT = dwarf;
				ENABLE_STRICT_OBJC_MSGSEND = YES;
				ENABLE_TESTABILITY = YES;
				GCC_C_LANGUAGE_STANDARD = gnu11;
				GCC_DYNAMIC_NO_PIC = NO;
				GCC_NO_COMMON_BLOCKS = YES;
				GCC_OPTIMIZATION_LEVEL = 0;
				GCC_PREPROCESSOR_DEFINITIONS = (
					"DEBUG=1",
					"$(inherited)",
				);
				GCC_WARN_64_TO_32_BIT_CONVERSION = YES;
				GCC_WARN_ABOUT_RETURN_TYPE = YES_ERROR;
				GCC_WARN_UNDECLARED_SELECTOR = YES;
				GCC_WARN_UNINITIALIZED_AUTOS = YES_AGGRESSIVE;
				GCC_WARN_UNUSED_FUNCTION = YES;
				GCC_WARN_UNUSED_VARIABLE = YES;
				IPHONEOS_DEPLOYMENT_TARGET = 14.4;
				MTL_ENABLE_DEBUG_INFO = INCLUDE_SOURCE;
				MTL_FAST_MATH = YES;
				ONLY_ACTIVE_ARCH = YES;
				SDKROOT = iphoneos;
			};
			name = Debug;
		};
		D81313E326267299007D02D8 /* Release */ = {
			isa = XCBuildConfiguration;
			buildSettings = {
				ALWAYS_SEARCH_USER_PATHS = NO;
				CLANG_ANALYZER_NONNULL = YES;
				CLANG_ANALYZER_NUMBER_OBJECT_CONVERSION = YES_AGGRESSIVE;
				CLANG_CXX_LANGUAGE_STANDARD = "gnu++14";
				CLANG_CXX_LIBRARY = "libc++";
				CLANG_ENABLE_MODULES = YES;
				CLANG_ENABLE_OBJC_ARC = YES;
				CLANG_ENABLE_OBJC_WEAK = YES;
				CLANG_WARN_BLOCK_CAPTURE_AUTORELEASING = YES;
				CLANG_WARN_BOOL_CONVERSION = YES;
				CLANG_WARN_COMMA = YES;
				CLANG_WARN_CONSTANT_CONVERSION = YES;
				CLANG_WARN_DEPRECATED_OBJC_IMPLEMENTATIONS = YES;
				CLANG_WARN_DIRECT_OBJC_ISA_USAGE = YES_ERROR;
				CLANG_WARN_DOCUMENTATION_COMMENTS = YES;
				CLANG_WARN_EMPTY_BODY = YES;
				CLANG_WARN_ENUM_CONVERSION = YES;
				CLANG_WARN_INFINITE_RECURSION = YES;
				CLANG_WARN_INT_CONVERSION = YES;
				CLANG_WARN_NON_LITERAL_NULL_CONVERSION = YES;
				CLANG_WARN_OBJC_IMPLICIT_RETAIN_SELF = YES;
				CLANG_WARN_OBJC_LITERAL_CONVERSION = YES;
				CLANG_WARN_OBJC_ROOT_CLASS = YES_ERROR;
				CLANG_WARN_QUOTED_INCLUDE_IN_FRAMEWORK_HEADER = YES;
				CLANG_WARN_RANGE_LOOP_ANALYSIS = YES;
				CLANG_WARN_STRICT_PROTOTYPES = YES;
				CLANG_WARN_SUSPICIOUS_MOVE = YES;
				CLANG_WARN_UNGUARDED_AVAILABILITY = YES_AGGRESSIVE;
				CLANG_WARN_UNREACHABLE_CODE = YES;
				CLANG_WARN__DUPLICATE_METHOD_MATCH = YES;
				COPY_PHASE_STRIP = NO;
				DEBUG_INFORMATION_FORMAT = "dwarf-with-dsym";
				ENABLE_NS_ASSERTIONS = NO;
				ENABLE_STRICT_OBJC_MSGSEND = YES;
				GCC_C_LANGUAGE_STANDARD = gnu11;
				GCC_NO_COMMON_BLOCKS = YES;
				GCC_WARN_64_TO_32_BIT_CONVERSION = YES;
				GCC_WARN_ABOUT_RETURN_TYPE = YES_ERROR;
				GCC_WARN_UNDECLARED_SELECTOR = YES;
				GCC_WARN_UNINITIALIZED_AUTOS = YES_AGGRESSIVE;
				GCC_WARN_UNUSED_FUNCTION = YES;
				GCC_WARN_UNUSED_VARIABLE = YES;
				IPHONEOS_DEPLOYMENT_TARGET = 14.4;
				MTL_ENABLE_DEBUG_INFO = NO;
				MTL_FAST_MATH = YES;
				SDKROOT = iphoneos;
				VALIDATE_PRODUCT = YES;
			};
			name = Release;
		};
		D81313E526267299007D02D8 /* Debug */ = {
			isa = XCBuildConfiguration;
			buildSettings = {
				ASSETCATALOG_COMPILER_APPICON_NAME = AppIcon;
				ASSETCATALOG_COMPILER_GLOBAL_ACCENT_COLOR_NAME = AccentColor;
				CODE_SIGN_STYLE = Automatic;
				INFOPLIST_FILE = BBTest_CC/Info.plist;
				LD_RUNPATH_SEARCH_PATHS = (
					"$(inherited)",
					"@executable_path/Frameworks",
				);
				MARKETING_VERSION = 0.1.0;
				PRODUCT_BUNDLE_IDENTIFIER = "com.zlxx.BBTest-CC";
				PRODUCT_NAME = "$(TARGET_NAME)";
				TARGETED_DEVICE_FAMILY = "1,2";
			};
			name = Debug;
		};
		D81313E626267299007D02D8 /* Release */ = {
			isa = XCBuildConfiguration;
			buildSettings = {
				ASSETCATALOG_COMPILER_APPICON_NAME = AppIcon;
				ASSETCATALOG_COMPILER_GLOBAL_ACCENT_COLOR_NAME = AccentColor;
				CODE_SIGN_STYLE = Automatic;
				INFOPLIST_FILE = BBTest_CC/Info.plist;
				LD_RUNPATH_SEARCH_PATHS = (
					"$(inherited)",
					"@executable_path/Frameworks",
				);
				MARKETING_VERSION = 0.1.0;
				PRODUCT_BUNDLE_IDENTIFIER = "com.zlxx.BBTest-CC";
				PRODUCT_NAME = "$(TARGET_NAME)";
				TARGETED_DEVICE_FAMILY = "1,2";
			};
			name = Release;
		};
/* End XCBuildConfiguration section */

/* Begin XCConfigurationList section */
		D81313C626267295007D02D8 /* Build configuration list for PBXProject "BBTest_CC" */ = {
			isa = XCConfigurationList;
			buildConfigurations = (
				D81313E226267299007D02D8 /* Debug */,
				D81313E326267299007D02D8 /* Release */,
			);
			defaultConfigurationIsVisible = 0;
			defaultConfigurationName = Release;
		};
		D81313E426267299007D02D8 /* Build configuration list for PBXNativeTarget "BBTest_CC" */ = {
			isa = XCConfigurationList;
			buildConfigurations = (
				D81313E526267299007D02D8 /* Debug */,
				D81313E626267299007D02D8 /* Release */,
			);
			defaultConfigurationIsVisible = 0;
			defaultConfigurationName = Release;
		};
/* End XCConfigurationList section */
	};
	rootObject = D81313C326267295007D02D8 /* Project object */;
}
